
Microsoft Visual Studio Solution File, Format Version 12.00
# Visual Studio Version 16
VisualStudioVersion = 16.0.31112.23
MinimumVisualStudioVersion = 10.0.40219.1
Project("{2150E333-8FDC-42A3-9474-1A3956D46DE8}") = "Faces", "Faces", "{3EA4C7EA-F541-48A7-9061-95A3883E5DCB}"
EndProject
Project("{FAE04EC0-301F-11D3-BF4B-00C04F79EFBC}") = "FacesAPI", "FacesAPI\FacesAPI.csproj", "{40C8B5C5-F379-4905-849F-433F6DAFFB19}"
EndProject
Global
	GlobalSection(SolutionConfigurationPlatforms) = preSolution
		Debug|Any CPU = Debug|Any CPU
		Release|Any CPU = Release|Any CPU
	EndGlobalSection
	GlobalSection(ProjectConfigurationPlatforms) = postSolution
		{40C8B5C5-F379-4905-849F-433F6DAFFB19}.Debug|Any CPU.ActiveCfg = Debug|Any CPU
		{40C8B5C5-F379-4905-849F-433F6DAFFB19}.Debug|Any CPU.Build.0 = Debug|Any CPU
		{40C8B5C5-F379-4905-849F-433F6DAFFB19}.Release|Any CPU.ActiveCfg = Release|Any CPU
		{40C8B5C5-F379-4905-849F-433F6DAFFB19}.Release|Any CPU.Build.0 = Release|Any CPU
	EndGlobalSection
	GlobalSection(SolutionProperties) = preSolution
		HideSolutionNode = FALSE
	EndGlobalSection
	GlobalSection(NestedProjects) = preSolution
		{40C8B5C5-F379-4905-849F-433F6DAFFB19} = {3EA4C7EA-F541-48A7-9061-95A3883E5DCB}
	EndGlobalSection
	GlobalSection(ExtensibilityGlobals) = postSolution
		SolutionGuid = {2F9F4AFF-6EF0-412F-A294-2977654B2AD7}
	EndGlobalSection
EndGlobal
